// !$*UTF8*$!
{
    archiveVersion = 1;
    classes = {
    };
    objectVersion = 50;
    objects = {

/* Begin PBXBuildFile section */
        889A61B420F7F31C00DC0A10 /* AppDelegate.swift in Sources */ = {isa = PBXBuildFile; fileRef = 889A61B320F7F31C00DC0A10 /* AppDelegate.swift */; };
        889A61B620F7F31C00DC0A10 /* ViewController.swift in Sources */ = {isa = PBXBuildFile; fileRef = 889A61B520F7F31C00DC0A10 /* ViewController.swift */; };
        889A61B920F7F31C00DC0A10 /* Main.storyboard in Resources */ = {isa = PBXBuildFile; fileRef = 889A61B720F7F31C00DC0A10 /* Main.storyboard */; };
        889A61BB20F7F31F00DC0A10 /* Assets.xcassets in Resources */ = {isa = PBXBuildFile; fileRef = 889A61BA20F7F31F00DC0A10 /* Assets.xcassets */; };
        889A61BE20F7F31F00DC0A10 /* LaunchScreen.storyboard in Resources */ = {isa = PBXBuildFile; fileRef = 889A61BC20F7F31F00DC0A10 /* LaunchScreen.storyboard */; };
        889A61C720F7F48800DC0A10 /* Constants.swift in Sources */ = {isa = PBXBuildFile; fileRef = 889A61C620F7F48800DC0A10 /* Constants.swift */; };
        889A61C920F7FAD600DC0A10 /* SwiftyJSON.swift in Sources */ = {isa = PBXBuildFile; fileRef = 889A61C820F7FAD500DC0A10 /* SwiftyJSON.swift */; };
/* End PBXBuildFile section */

/* Begin PBXFileReference section */
        889A61B020F7F31C00DC0A10 /* Proj7-WhitehousePetitions.app */ = {isa = PBXFileReference; explicitFileType = wrapper.application; includeInIndex = 0; path = "Proj7-WhitehousePetitions.app"; sourceTree = BUILT_PRODUCTS_DIR; };
        889A61B320F7F31C00DC0A10 /* AppDelegate.swift */ = {isa = PBXFileReference; lastKnownFileType = sourcecode.swift; path = AppDelegate.swift; sourceTree = "<group>"; };
        889A61B520F7F31C00DC0A10 /* ViewController.swift */ = {isa = PBXFileReference; lastKnownFileType = sourcecode.swift; path = ViewController.swift; sourceTree = "<group>"; };
        889A61B820F7F31C00DC0A10 /* Base */ = {isa = PBXFileReference; lastKnownFileType = file.storyboard; name = Base; path = Base.lproj/Main.storyboard; sourceTree = "<group>"; };
        889A61BA20F7F31F00DC0A10 /* Assets.xcassets */ = {isa = PBXFileReference; lastKnownFileType = folder.assetcatalog; path = Assets.xcassets; sourceTree = "<group>"; };
        889A61BD20F7F31F00DC0A10 /* Base */ = {isa = PBXFileReference; lastKnownFileType = file.storyboard; name = Base; path = Base.lproj/LaunchScreen.storyboard; sourceTree = "<group>"; };
        889A61BF20F7F31F00DC0A10 /* Info.plist */ = {isa = PBXFileReference; lastKnownFileType = text.plist.xml; path = Info.plist; sourceTree = "<group>"; };
        889A61C620F7F48800DC0A10 /* Constants.swift */ = {isa = PBXFileReference; lastKnownFileType = sourcecode.swift; path = Constants.swift; sourceTree = "<group>"; };
        889A61C820F7FAD500DC0A10 /* SwiftyJSON.swift */ = {isa = PBXFileReference; fileEncoding = 4; lastKnownFileType = sourcecode.swift; path = SwiftyJSON.swift; sourceTree = "<group>"; };
/* End PBXFileReference section */

/* Begin PBXFrameworksBuildPhase section */
        889A61AD20F7F31C00DC0A10 /* Frameworks */ = {
            isa = PBXFrameworksBuildPhase;
            buildActionMask = 2147483647;
            files = (
            );
            runOnlyForDeploymentPostprocessing = 0;
        };
/* End PBXFrameworksBuildPhase section */

/* Begin PBXGroup section */
        889A61A720F7F31C00DC0A10 = {
            isa = PBXGroup;
            children = (
                889A61B220F7F31C00DC0A10 /* Proj7-WhitehousePetitions */,
                889A61B120F7F31C00DC0A10 /* Products */,
            );
            sourceTree = "<group>";
        };
        889A61B120F7F31C00DC0A10 /* Products */ = {
            isa = PBXGroup;
            children = (
                889A61B020F7F31C00DC0A10 /* Proj7-WhitehousePetitions.app */,
            );
            name = Products;
            sourceTree = "<group>";
        };
        889A61B220F7F31C00DC0A10 /* Proj7-WhitehousePetitions */ = {
            isa = PBXGroup;
            children = (
                889A61C520F7F47400DC0A10 /* Services */,
                889A61B320F7F31C00DC0A10 /* AppDelegate.swift */,
                889A61B520F7F31C00DC0A10 /* ViewController.swift */,
                889A61C820F7FAD500DC0A10 /* SwiftyJSON.swift */,
                889A61B720F7F31C00DC0A10 /* Main.storyboard */,
                889A61BA20F7F31F00DC0A10 /* Assets.xcassets */,
                889A61BC20F7F31F00DC0A10 /* LaunchScreen.storyboard */,
                889A61BF20F7F31F00DC0A10 /* Info.plist */,
            );
            path = "Proj7-WhitehousePetitions";
            sourceTree = "<group>";
        };
        889A61C520F7F47400DC0A10 /* Services */ = {
            isa = PBXGroup;
            children = (
                889A61C620F7F48800DC0A10 /* Constants.swift */,
            );
            path = Services;
            sourceTree = "<group>";
        };
/* End PBXGroup section */

/* Begin PBXNativeTarget section */
        889A61AF20F7F31C00DC0A10 /* Proj7-WhitehousePetitions */ = {
            isa = PBXNativeTarget;
            buildConfigurationList = 889A61C220F7F31F00DC0A10 /* Build configuration list for PBXNativeTarget "Proj7-WhitehousePetitions" */;
            buildPhases = (
                889A61AC20F7F31C00DC0A10 /* Sources */,
                889A61AD20F7F31C00DC0A10 /* Frameworks */,
                889A61AE20F7F31C00DC0A10 /* Resources */,
            );
            buildRules = (
            );
            dependencies = (
            );
            name = "Proj7-WhitehousePetitions";
            productName = "Proj7-WhitehousePetitions";
            productReference = 889A61B020F7F31C00DC0A10 /* Proj7-WhitehousePetitions.app */;
            productType = "com.apple.product-type.application";
        };
/* End PBXNativeTarget section */

/* Begin PBXProject section */
        889A61A820F7F31C00DC0A10 /* Project object */ = {
            isa = PBXProject;
            attributes = {
                LastSwiftUpdateCheck = 0940;
                LastUpgradeCheck = 0940;
                ORGANIZATIONNAME = "Swift Koding 4 Everyone";
                TargetAttributes = {
                    889A61AF20F7F31C00DC0A10 = {
                        CreatedOnToolsVersion = 9.4.1;
                    };
                };
            };
            buildConfigurationList = 889A61AB20F7F31C00DC0A10 /* Build configuration list for PBXProject "Proj7-WhitehousePetitions" */;
            compatibilityVersion = "Xcode 9.3";
            developmentRegion = en;
            hasScannedForEncodings = 0;
            knownRegions = (
                en,
                Base,
            );
            mainGroup = 889A61A720F7F31C00DC0A10;
            productRefGroup = 889A61B120F7F31C00DC0A10 /* Products */;
            projectDirPath = "";
            projectRoot = "";
            targets = (
                889A61AF20F7F31C00DC0A10 /* Proj7-WhitehousePetitions */,
            );
        };
/* End PBXProject section */

/* Begin PBXResourcesBuildPhase section */
        889A61AE20F7F31C00DC0A10 /* Resources */ = {
            isa = PBXResourcesBuildPhase;
            buildActionMask = 2147483647;
            files = (
                889A61BE20F7F31F00DC0A10 /* LaunchScreen.storyboard in Resources */,
                889A61BB20F7F31F00DC0A10 /* Assets.xcassets in Resources */,
                889A61B920F7F31C00DC0A10 /* Main.storyboard in Resources */,
            );
            runOnlyForDeploymentPostprocessing = 0;
        };
/* End PBXResourcesBuildPhase section */

/* Begin PBXSourcesBuildPhase section */
        889A61AC20F7F31C00DC0A10 /* Sources */ = {
            isa = PBXSourcesBuildPhase;
            buildActionMask = 2147483647;
            files = (
                889A61B620F7F31C00DC0A10 /* ViewController.swift in Sources */,
                889A61B420F7F31C00DC0A10 /* AppDelegate.swift in Sources */,
                889A61C720F7F48800DC0A10 /* Constants.swift in Sources */,
                889A61C920F7FAD600DC0A10 /* SwiftyJSON.swift in Sources */,
            );
            runOnlyForDeploymentPostprocessing = 0;
        };
/* End PBXSourcesBuildPhase section */

/* Begin PBXVariantGroup section */
        889A61B720F7F31C00DC0A10 /* Main.storyboard */ = {
            isa = PBXVariantGroup;
            children = (
                889A61B820F7F31C00DC0A10 /* Base */,
            );
            name = Main.storyboard;
            sourceTree = "<group>";
        };
        889A61BC20F7F31F00DC0A10 /* LaunchScreen.storyboard */ = {
            isa = PBXVariantGroup;
            children = (
                889A61BD20F7F31F00DC0A10 /* Base */,
            );
            name = LaunchScreen.storyboard;
            sourceTree = "<group>";
        };
/* End PBXVariantGroup section */

/* Begin XCBuildConfiguration section */
        889A61C020F7F31F00DC0A10 /* Debug */ = {
            isa = XCBuildConfiguration;
            buildSettings = {
                ALWAYS_SEARCH_USER_PATHS = NO;
                CLANG_ANALYZER_NONNULL = YES;
                CLANG_ANALYZER_NUMBER_OBJECT_CONVERSION = YES_AGGRESSIVE;
                CLANG_CXX_LANGUAGE_STANDARD = "gnu++14";
                CLANG_CXX_LIBRARY = "libc++";
                CLANG_ENABLE_MODULES = YES;
                CLANG_ENABLE_OBJC_ARC = YES;
                CLANG_ENABLE_OBJC_WEAK = YES;
                CLANG_WARN_BLOCK_CAPTURE_AUTORELEASING = YES;
                CLANG_WARN_BOOL_CONVERSION = YES;
                CLANG_WARN_COMMA = YES;
                CLANG_WARN_CONSTANT_CONVERSION = YES;
                CLANG_WARN_DEPRECATED_OBJC_IMPLEMENTATIONS = YES;
                CLANG_WARN_DIRECT_OBJC_ISA_USAGE = YES_ERROR;
                CLANG_WARN_DOCUMENTATION_COMMENTS = YES;
                CLANG_WARN_EMPTY_BODY = YES;
                CLANG_WARN_ENUM_CONVERSION = YES;
                CLANG_WARN_INFINITE_RECURSION = YES;
                CLANG_WARN_INT_CONVERSION = YES;
                CLANG_WARN_NON_LITERAL_NULL_CONVERSION = YES;
                CLANG_WARN_OBJC_IMPLICIT_RETAIN_SELF = YES;
                CLANG_WARN_OBJC_LITERAL_CONVERSION = YES;
                CLANG_WARN_OBJC_ROOT_CLASS = YES_ERROR;
                CLANG_WARN_RANGE_LOOP_ANALYSIS = YES;
                CLANG_WARN_STRICT_PROTOTYPES = YES;
                CLANG_WARN_SUSPICIOUS_MOVE = YES;
                CLANG_WARN_UNGUARDED_AVAILABILITY = YES_AGGRESSIVE;
                CLANG_WARN_UNREACHABLE_CODE = YES;
                CLANG_WARN__DUPLICATE_METHOD_MATCH = YES;
                CODE_SIGN_IDENTITY = "iPhone Developer";
                COPY_PHASE_STRIP = NO;
                DEBUG_INFORMATION_FORMAT = dwarf;
                ENABLE_STRICT_OBJC_MSGSEND = YES;
                ENABLE_TESTABILITY = YES;
                GCC_C_LANGUAGE_STANDARD = gnu11;
                GCC_DYNAMIC_NO_PIC = NO;
                GCC_NO_COMMON_BLOCKS = YES;
                GCC_OPTIMIZATION_LEVEL = 0;
                GCC_PREPROCESSOR_DEFINITIONS = (
                    "DEBUG=1",
                    "$(inherited)",
                );
                GCC_WARN_64_TO_32_BIT_CONVERSION = YES;
                GCC_WARN_ABOUT_RETURN_TYPE = YES_ERROR;
                GCC_WARN_UNDECLARED_SELECTOR = YES;
                GCC_WARN_UNINITIALIZED_AUTOS = YES_AGGRESSIVE;
                GCC_WARN_UNUSED_FUNCTION = YES;
                GCC_WARN_UNUSED_VARIABLE = YES;
                IPHONEOS_DEPLOYMENT_TARGET = 11.4;
                MTL_ENABLE_DEBUG_INFO = YES;
                ONLY_ACTIVE_ARCH = YES;
                SDKROOT = iphoneos;
                SWIFT_ACTIVE_COMPILATION_CONDITIONS = DEBUG;
                SWIFT_OPTIMIZATION_LEVEL = "-Onone";
            };
            name = Debug;
        };
        889A61C120F7F31F00DC0A10 /* Release */ = {
            isa = XCBuildConfiguration;
            buildSettings = {
                ALWAYS_SEARCH_USER_PATHS = NO;
                CLANG_ANALYZER_NONNULL = YES;
                CLANG_ANALYZER_NUMBER_OBJECT_CONVERSION = YES_AGGRESSIVE;
                CLANG_CXX_LANGUAGE_STANDARD = "gnu++14";
                CLANG_CXX_LIBRARY = "libc++";
                CLANG_ENABLE_MODULES = YES;
                CLANG_ENABLE_OBJC_ARC = YES;
                CLANG_ENABLE_OBJC_WEAK = YES;
                CLANG_WARN_BLOCK_CAPTURE_AUTORELEASING = YES;
                CLANG_WARN_BOOL_CONVERSION = YES;
                CLANG_WARN_COMMA = YES;
                CLANG_WARN_CONSTANT_CONVERSION = YES;
                CLANG_WARN_DEPRECATED_OBJC_IMPLEMENTATIONS = YES;
                CLANG_WARN_DIRECT_OBJC_ISA_USAGE = YES_ERROR;
                CLANG_WARN_DOCUMENTATION_COMMENTS = YES;
                CLANG_WARN_EMPTY_BODY = YES;
                CLANG_WARN_ENUM_CONVERSION = YES;
                CLANG_WARN_INFINITE_RECURSION = YES;
                CLANG_WARN_INT_CONVERSION = YES;
                CLANG_WARN_NON_LITERAL_NULL_CONVERSION = YES;
                CLANG_WARN_OBJC_IMPLICIT_RETAIN_SELF = YES;
                CLANG_WARN_OBJC_LITERAL_CONVERSION = YES;
                CLANG_WARN_OBJC_ROOT_CLASS = YES_ERROR;
                CLANG_WARN_RANGE_LOOP_ANALYSIS = YES;
                CLANG_WARN_STRICT_PROTOTYPES = YES;
                CLANG_WARN_SUSPICIOUS_MOVE = YES;
                CLANG_WARN_UNGUARDED_AVAILABILITY = YES_AGGRESSIVE;
                CLANG_WARN_UNREACHABLE_CODE = YES;
                CLANG_WARN__DUPLICATE_METHOD_MATCH = YES;
                CODE_SIGN_IDENTITY = "iPhone Developer";
                COPY_PHASE_STRIP = NO;
                DEBUG_INFORMATION_FORMAT = "dwarf-with-dsym";
                ENABLE_NS_ASSERTIONS = NO;
                ENABLE_STRICT_OBJC_MSGSEND = YES;
                GCC_C_LANGUAGE_STANDARD = gnu11;
                GCC_NO_COMMON_BLOCKS = YES;
                GCC_WARN_64_TO_32_BIT_CONVERSION = YES;
                GCC_WARN_ABOUT_RETURN_TYPE = YES_ERROR;
                GCC_WARN_UNDECLARED_SELECTOR = YES;
                GCC_WARN_UNINITIALIZED_AUTOS = YES_AGGRESSIVE;
                GCC_WARN_UNUSED_FUNCTION = YES;
                GCC_WARN_UNUSED_VARIABLE = YES;
                IPHONEOS_DEPLOYMENT_TARGET = 11.4;
                MTL_ENABLE_DEBUG_INFO = NO;
                SDKROOT = iphoneos;
                SWIFT_COMPILATION_MODE = wholemodule;
                SWIFT_OPTIMIZATION_LEVEL = "-O";
                VALIDATE_PRODUCT = YES;
            };
            name = Release;
        };
        889A61C320F7F31F00DC0A10 /* Debug */ = {
            isa = XCBuildConfiguration;
            buildSettings = {
                ASSETCATALOG_COMPILER_APPICON_NAME = AppIcon;
                CODE_SIGN_STYLE = Automatic;
                DEVELOPMENT_TEAM = YRMU5C8C32;
                INFOPLIST_FILE = "Proj7-WhitehousePetitions/Info.plist";
                LD_RUNPATH_SEARCH_PATHS = (
                    "$(inherited)",
                    "@executable_path/Frameworks",
                );
                PRODUCT_BUNDLE_IDENTIFIER = "com.swiftkodingforeveryone.Proj7-WhitehousePetitions";
                PRODUCT_NAME = "$(TARGET_NAME)";
                SWIFT_VERSION = 4.0;
                TARGETED_DEVICE_FAMILY = "1,2";
            };
            name = Debug;
        };
        889A61C420F7F31F00DC0A10 /* Release */ = {
            isa = XCBuildConfiguration;
            buildSettings = {
                ASSETCATALOG_COMPILER_APPICON_NAME = AppIcon;
                CODE_SIGN_STYLE = Automatic;
                DEVELOPMENT_TEAM = YRMU5C8C32;
                INFOPLIST_FILE = "Proj7-WhitehousePetitions/Info.plist";
                LD_RUNPATH_SEARCH_PATHS = (
                    "$(inherited)",
                    "@executable_path/Frameworks",
                );
                PRODUCT_BUNDLE_IDENTIFIER = "com.swiftkodingforeveryone.Proj7-WhitehousePetitions";
                PRODUCT_NAME = "$(TARGET_NAME)";
                SWIFT_VERSION = 4.0;
                TARGETED_DEVICE_FAMILY = "1,2";
            };
            name = Release;
        };
/* End XCBuildConfiguration section */

/* Begin XCConfigurationList section */
        889A61AB20F7F31C00DC0A10 /* Build configuration list for PBXProject "Proj7-WhitehousePetitions" */ = {
            isa = XCConfigurationList;
            buildConfigurations = (
                889A61C020F7F31F00DC0A10 /* Debug */,
                889A61C120F7F31F00DC0A10 /* Release */,
            );
            defaultConfigurationIsVisible = 0;
            defaultConfigurationName = Release;
        };
        889A61C220F7F31F00DC0A10 /* Build configuration list for PBXNativeTarget "Proj7-WhitehousePetitions" */ = {
            isa = XCConfigurationList;
            buildConfigurations = (
                889A61C320F7F31F00DC0A10 /* Debug */,
                889A61C420F7F31F00DC0A10 /* Release */,
            );
            defaultConfigurationIsVisible = 0;
            defaultConfigurationName = Release;
        };
/* End XCConfigurationList section */
    };
    rootObject = 889A61A820F7F31C00DC0A10 /* Project object */;
}
